
Microsoft Visual Studio Solution File, Format Version 12.00
# Visual Studio Version 16
VisualStudioVersion = 16.0.31129.286
MinimumVisualStudioVersion = 10.0.40219.1
Project("{8BC9CEB8-8B4A-11D0-8D11-00A0C91BC942}") = "elte_beadando_stafeta", "elte_beadando_stafeta\elte_beadando_stafeta.vcxproj", "{A22AB7D9-C136-4210-95E7-6FA9F6EF7CBE}"
EndProject
Global
	GlobalSection(SolutionConfigurationPlatforms) = preSolution
		Debug|x64 = Debug|x64
		Debug|x86 = Debug|x86
		Release|x64 = Release|x64
		Release|x86 = Release|x86
	EndGlobalSection
	GlobalSection(ProjectConfigurationPlatforms) = postSolution
		{A22AB7D9-C136-4210-95E7-6FA9F6EF7CBE}.Debug|x64.ActiveCfg = Debug|x64
		{A22AB7D9-C136-4210-95E7-6FA9F6EF7CBE}.Debug|x64.Build.0 = Debug|x64
		{A22AB7D9-C136-4210-95E7-6FA9F6EF7CBE}.Debug|x86.ActiveCfg = Debug|Win32
		{A22AB7D9-C136-4210-95E7-6FA9F6EF7CBE}.Debug|x86.Build.0 = Debug|Win32
		{A22AB7D9-C136-4210-95E7-6FA9F6EF7CBE}.Release|x64.ActiveCfg = Release|x64
		{A22AB7D9-C136-4210-95E7-6FA9F6EF7CBE}.Release|x64.Build.0 = Release|x64
		{A22AB7D9-C136-4210-95E7-6FA9F6EF7CBE}.Release|x86.ActiveCfg = Release|Win32
		{A22AB7D9-C136-4210-95E7-6FA9F6EF7CBE}.Release|x86.Build.0 = Release|Win32
	EndGlobalSection
	GlobalSection(SolutionProperties) = preSolution
		HideSolutionNode = FALSE
	EndGlobalSection
	GlobalSection(ExtensibilityGlobals) = postSolution
		SolutionGuid = {D7BD0BF2-E19A-4C2F-B639-00975C698C60}
	EndGlobalSection
EndGlobal
